
Microsoft Visual Studio Solution File, Format Version 12.00
# Visual Studio Version 17
VisualStudioVersion = 17.7.34009.444
MinimumVisualStudioVersion = 10.0.40219.1
Project("{8BC9CEB8-8B4A-11D0-8D11-00A0C91BC942}") = "20231030_Cpp", "20231030_Cpp\20231030_Cpp.vcxproj", "{A2E76E33-B3F1-4563-9BAD-66CD188E95C9}"
EndProject
Project("{8BC9CEB8-8B4A-11D0-8D11-00A0C91BC942}") = "Project1", "Project1\Project1.vcxproj", "{1467F379-F64F-4B61-A0E3-0165E132D66C}"
EndProject
Global
	GlobalSection(SolutionConfigurationPlatforms) = preSolution
		Debug|x64 = Debug|x64
		Debug|x86 = Debug|x86
		Release|x64 = Release|x64
		Release|x86 = Release|x86
	EndGlobalSection
	GlobalSection(ProjectConfigurationPlatforms) = postSolution
		{A2E76E33-B3F1-4563-9BAD-66CD188E95C9}.Debug|x64.ActiveCfg = Debug|x64
		{A2E76E33-B3F1-4563-9BAD-66CD188E95C9}.Debug|x64.Build.0 = Debug|x64
		{A2E76E33-B3F1-4563-9BAD-66CD188E95C9}.Debug|x86.ActiveCfg = Debug|Win32
		{A2E76E33-B3F1-4563-9BAD-66CD188E95C9}.Debug|x86.Build.0 = Debug|Win32
		{A2E76E33-B3F1-4563-9BAD-66CD188E95C9}.Release|x64.ActiveCfg = Release|x64
		{A2E76E33-B3F1-4563-9BAD-66CD188E95C9}.Release|x64.Build.0 = Release|x64
		{A2E76E33-B3F1-4563-9BAD-66CD188E95C9}.Release|x86.ActiveCfg = Release|Win32
		{A2E76E33-B3F1-4563-9BAD-66CD188E95C9}.Release|x86.Build.0 = Release|Win32
		{1467F379-F64F-4B61-A0E3-0165E132D66C}.Debug|x64.ActiveCfg = Debug|x64
		{1467F379-F64F-4B61-A0E3-0165E132D66C}.Debug|x64.Build.0 = Debug|x64
		{1467F379-F64F-4B61-A0E3-0165E132D66C}.Debug|x86.ActiveCfg = Debug|Win32
		{1467F379-F64F-4B61-A0E3-0165E132D66C}.Debug|x86.Build.0 = Debug|Win32
		{1467F379-F64F-4B61-A0E3-0165E132D66C}.Release|x64.ActiveCfg = Release|x64
		{1467F379-F64F-4B61-A0E3-0165E132D66C}.Release|x64.Build.0 = Release|x64
		{1467F379-F64F-4B61-A0E3-0165E132D66C}.Release|x86.ActiveCfg = Release|Win32
		{1467F379-F64F-4B61-A0E3-0165E132D66C}.Release|x86.Build.0 = Release|Win32
	EndGlobalSection
	GlobalSection(SolutionProperties) = preSolution
		HideSolutionNode = FALSE
	EndGlobalSection
	GlobalSection(ExtensibilityGlobals) = postSolution
		SolutionGuid = {ECC7FFCA-F013-4E15-B56A-700D18261BD3}
	EndGlobalSection
EndGlobal
